
Microsoft Visual Studio Solution File, Format Version 12.00
# Visual Studio Version 17
VisualStudioVersion = 17.14.36414.22 d17.14
MinimumVisualStudioVersion = 10.0.40219.1
Project("{FAE04EC0-301F-11D3-BF4B-00C04F79EFBC}") = "tetrismaking", "tetrismaking\tetrismaking.csproj", "{6C5BF2A9-BDE5-4434-A783-335BE2D3665E}"
EndProject
Global
	GlobalSection(SolutionConfigurationPlatforms) = preSolution
		Debug|Any CPU = Debug|Any CPU
		Release|Any CPU = Release|Any CPU
	EndGlobalSection
	GlobalSection(ProjectConfigurationPlatforms) = postSolution
		{6C5BF2A9-BDE5-4434-A783-335BE2D3665E}.Debug|Any CPU.ActiveCfg = Debug|Any CPU
		{6C5BF2A9-BDE5-4434-A783-335BE2D3665E}.Debug|Any CPU.Build.0 = Debug|Any CPU
		{6C5BF2A9-BDE5-4434-A783-335BE2D3665E}.Release|Any CPU.ActiveCfg = Release|Any CPU
		{6C5BF2A9-BDE5-4434-A783-335BE2D3665E}.Release|Any CPU.Build.0 = Release|Any CPU
	EndGlobalSection
	GlobalSection(SolutionProperties) = preSolution
		HideSolutionNode = FALSE
	EndGlobalSection
	GlobalSection(ExtensibilityGlobals) = postSolution
		SolutionGuid = {04FE29A7-741D-408E-8537-2F2A160DEFCD}
	EndGlobalSection
EndGlobal
